// !$*UTF8*$!
{
	archiveVersion = 1;
	classes = {
	};
	objectVersion = 50;
	objects = {

/* Begin PBXBuildFile section */
		49201EB922A8DBC600103A99 /* AppDelegate.swift in Sources */ = {isa = PBXBuildFile; fileRef = 49201EB822A8DBC600103A99 /* AppDelegate.swift */; };
		49201EBB22A8DBC600103A99 /* SceneDelegate.swift in Sources */ = {isa = PBXBuildFile; fileRef = 49201EBA22A8DBC600103A99 /* SceneDelegate.swift */; };
		49201EBE22A8DBC600103A99 /* SmartTimer.xcdatamodeld in Sources */ = {isa = PBXBuildFile; fileRef = 49201EBC22A8DBC600103A99 /* SmartTimer.xcdatamodeld */; };
		49201EC022A8DBC600103A99 /* ContentView.swift in Sources */ = {isa = PBXBuildFile; fileRef = 49201EBF22A8DBC600103A99 /* ContentView.swift */; };
		49201EC222A8DBCB00103A99 /* Assets.xcassets in Resources */ = {isa = PBXBuildFile; fileRef = 49201EC122A8DBCB00103A99 /* Assets.xcassets */; };
		49201EC522A8DBCB00103A99 /* Preview Assets.xcassets in Resources */ = {isa = PBXBuildFile; fileRef = 49201EC422A8DBCB00103A99 /* Preview Assets.xcassets */; };
		49201EC822A8DBCB00103A99 /* LaunchScreen.storyboard in Resources */ = {isa = PBXBuildFile; fileRef = 49201EC622A8DBCB00103A99 /* LaunchScreen.storyboard */; };
/* End PBXBuildFile section */

/* Begin PBXFileReference section */
		49201EB522A8DBC600103A99 /* SmartTimer.app */ = {isa = PBXFileReference; explicitFileType = wrapper.application; includeInIndex = 0; path = SmartTimer.app; sourceTree = BUILT_PRODUCTS_DIR; };
		49201EB822A8DBC600103A99 /* AppDelegate.swift */ = {isa = PBXFileReference; lastKnownFileType = sourcecode.swift; path = AppDelegate.swift; sourceTree = "<group>"; };
		49201EBA22A8DBC600103A99 /* SceneDelegate.swift */ = {isa = PBXFileReference; lastKnownFileType = sourcecode.swift; path = SceneDelegate.swift; sourceTree = "<group>"; };
		49201EBD22A8DBC600103A99 /* SmartTimer.xcdatamodel */ = {isa = PBXFileReference; lastKnownFileType = wrapper.xcdatamodel; path = SmartTimer.xcdatamodel; sourceTree = "<group>"; };
		49201EBF22A8DBC600103A99 /* ContentView.swift */ = {isa = PBXFileReference; lastKnownFileType = sourcecode.swift; path = ContentView.swift; sourceTree = "<group>"; };
		49201EC122A8DBCB00103A99 /* Assets.xcassets */ = {isa = PBXFileReference; lastKnownFileType = folder.assetcatalog; path = Assets.xcassets; sourceTree = "<group>"; };
		49201EC422A8DBCB00103A99 /* Preview Assets.xcassets */ = {isa = PBXFileReference; lastKnownFileType = folder.assetcatalog; path = "Preview Assets.xcassets"; sourceTree = "<group>"; };
		49201EC722A8DBCB00103A99 /* Base */ = {isa = PBXFileReference; lastKnownFileType = file.storyboard; name = Base; path = Base.lproj/LaunchScreen.storyboard; sourceTree = "<group>"; };
		49201EC922A8DBCB00103A99 /* Info.plist */ = {isa = PBXFileReference; lastKnownFileType = text.plist.xml; path = Info.plist; sourceTree = "<group>"; };
/* End PBXFileReference section */

/* Begin PBXFrameworksBuildPhase section */
		49201EB222A8DBC600103A99 /* Frameworks */ = {
			isa = PBXFrameworksBuildPhase;
			buildActionMask = 2147483647;
			files = (
			);
			runOnlyForDeploymentPostprocessing = 0;
		};
/* End PBXFrameworksBuildPhase section */

/* Begin PBXGroup section */
		49201EAC22A8DBC600103A99 = {
			isa = PBXGroup;
			children = (
				49201EB722A8DBC600103A99 /* SmartTimer */,
				49201EB622A8DBC600103A99 /* Products */,
			);
			sourceTree = "<group>";
		};
		49201EB622A8DBC600103A99 /* Products */ = {
			isa = PBXGroup;
			children = (
				49201EB522A8DBC600103A99 /* SmartTimer.app */,
			);
			name = Products;
			sourceTree = "<group>";
		};
		49201EB722A8DBC600103A99 /* SmartTimer */ = {
			isa = PBXGroup;
			children = (
				49201EB822A8DBC600103A99 /* AppDelegate.swift */,
				49201EBA22A8DBC600103A99 /* SceneDelegate.swift */,
				49201EBF22A8DBC600103A99 /* ContentView.swift */,
				49201EC122A8DBCB00103A99 /* Assets.xcassets */,
				49201EC622A8DBCB00103A99 /* LaunchScreen.storyboard */,
				49201EC922A8DBCB00103A99 /* Info.plist */,
				49201EBC22A8DBC600103A99 /* SmartTimer.xcdatamodeld */,
				49201EC322A8DBCB00103A99 /* Preview Content */,
			);
			path = SmartTimer;
			sourceTree = "<group>";
		};
		49201EC322A8DBCB00103A99 /* Preview Content */ = {
			isa = PBXGroup;
			children = (
				49201EC422A8DBCB00103A99 /* Preview Assets.xcassets */,
			);
			path = "Preview Content";
			sourceTree = "<group>";
		};
/* End PBXGroup section */

/* Begin PBXNativeTarget section */
		49201EB422A8DBC600103A99 /* SmartTimer */ = {
			isa = PBXNativeTarget;
			buildConfigurationList = 49201ECC22A8DBCB00103A99 /* Build configuration list for PBXNativeTarget "SmartTimer" */;
			buildPhases = (
				49201EB122A8DBC600103A99 /* Sources */,
				49201EB222A8DBC600103A99 /* Frameworks */,
				49201EB322A8DBC600103A99 /* Resources */,
			);
			buildRules = (
			);
			dependencies = (
			);
			name = SmartTimer;
			productName = SmartTimer;
			productReference = 49201EB522A8DBC600103A99 /* SmartTimer.app */;
			productType = "com.apple.product-type.application";
		};
/* End PBXNativeTarget section */

/* Begin PBXProject section */
		49201EAD22A8DBC600103A99 /* Project object */ = {
			isa = PBXProject;
			attributes = {
				LastSwiftUpdateCheck = 1100;
				LastUpgradeCheck = 1100;
				ORGANIZATIONNAME = "Andrew Lisogor";
				TargetAttributes = {
					49201EB422A8DBC600103A99 = {
						CreatedOnToolsVersion = 11.0;
					};
				};
			};
			buildConfigurationList = 49201EB022A8DBC600103A99 /* Build configuration list for PBXProject "SmartTimer" */;
			compatibilityVersion = "Xcode 9.3";
			developmentRegion = en;
			hasScannedForEncodings = 0;
			knownRegions = (
				en,
				Base,
			);
			mainGroup = 49201EAC22A8DBC600103A99;
			productRefGroup = 49201EB622A8DBC600103A99 /* Products */;
			projectDirPath = "";
			projectRoot = "";
			targets = (
				49201EB422A8DBC600103A99 /* SmartTimer */,
			);
		};
/* End PBXProject section */

/* Begin PBXResourcesBuildPhase section */
		49201EB322A8DBC600103A99 /* Resources */ = {
			isa = PBXResourcesBuildPhase;
			buildActionMask = 2147483647;
			files = (
				49201EC822A8DBCB00103A99 /* LaunchScreen.storyboard in Resources */,
				49201EC522A8DBCB00103A99 /* Preview Assets.xcassets in Resources */,
				49201EC222A8DBCB00103A99 /* Assets.xcassets in Resources */,
			);
			runOnlyForDeploymentPostprocessing = 0;
		};
/* End PBXResourcesBuildPhase section */

/* Begin PBXSourcesBuildPhase section */
		49201EB122A8DBC600103A99 /* Sources */ = {
			isa = PBXSourcesBuildPhase;
			buildActionMask = 2147483647;
			files = (
				49201EB922A8DBC600103A99 /* AppDelegate.swift in Sources */,
				49201EBE22A8DBC600103A99 /* SmartTimer.xcdatamodeld in Sources */,
				49201EC022A8DBC600103A99 /* ContentView.swift in Sources */,
				49201EBB22A8DBC600103A99 /* SceneDelegate.swift in Sources */,
			);
			runOnlyForDeploymentPostprocessing = 0;
		};
/* End PBXSourcesBuildPhase section */

/* Begin PBXVariantGroup section */
		49201EC622A8DBCB00103A99 /* LaunchScreen.storyboard */ = {
			isa = PBXVariantGroup;
			children = (
				49201EC722A8DBCB00103A99 /* Base */,
			);
			name = LaunchScreen.storyboard;
			sourceTree = "<group>";
		};
/* End PBXVariantGroup section */

/* Begin XCBuildConfiguration section */
		49201ECA22A8DBCB00103A99 /* Debug */ = {
			isa = XCBuildConfiguration;
			buildSettings = {
				ALWAYS_SEARCH_USER_PATHS = NO;
				CLANG_ANALYZER_NONNULL = YES;
				CLANG_ANALYZER_NUMBER_OBJECT_CONVERSION = YES_AGGRESSIVE;
				CLANG_CXX_LANGUAGE_STANDARD = "gnu++14";
				CLANG_CXX_LIBRARY = "libc++";
				CLANG_ENABLE_MODULES = YES;
				CLANG_ENABLE_OBJC_ARC = YES;
				CLANG_ENABLE_OBJC_WEAK = YES;
				CLANG_WARN_BLOCK_CAPTURE_AUTORELEASING = YES;
				CLANG_WARN_BOOL_CONVERSION = YES;
				CLANG_WARN_COMMA = YES;
				CLANG_WARN_CONSTANT_CONVERSION = YES;
				CLANG_WARN_DEPRECATED_OBJC_IMPLEMENTATIONS = YES;
				CLANG_WARN_DIRECT_OBJC_ISA_USAGE = YES_ERROR;
				CLANG_WARN_DOCUMENTATION_COMMENTS = YES;
				CLANG_WARN_EMPTY_BODY = YES;
				CLANG_WARN_ENUM_CONVERSION = YES;
				CLANG_WARN_INFINITE_RECURSION = YES;
				CLANG_WARN_INT_CONVERSION = YES;
				CLANG_WARN_NON_LITERAL_NULL_CONVERSION = YES;
				CLANG_WARN_OBJC_IMPLICIT_RETAIN_SELF = YES;
				CLANG_WARN_OBJC_LITERAL_CONVERSION = YES;
				CLANG_WARN_OBJC_ROOT_CLASS = YES_ERROR;
				CLANG_WARN_RANGE_LOOP_ANALYSIS = YES;
				CLANG_WARN_STRICT_PROTOTYPES = YES;
				CLANG_WARN_SUSPICIOUS_MOVE = YES;
				CLANG_WARN_UNGUARDED_AVAILABILITY = YES_AGGRESSIVE;
				CLANG_WARN_UNREACHABLE_CODE = YES;
				CLANG_WARN__DUPLICATE_METHOD_MATCH = YES;
				COPY_PHASE_STRIP = NO;
				DEBUG_INFORMATION_FORMAT = dwarf;
				ENABLE_STRICT_OBJC_MSGSEND = YES;
				ENABLE_TESTABILITY = YES;
				GCC_C_LANGUAGE_STANDARD = gnu11;
				GCC_DYNAMIC_NO_PIC = NO;
				GCC_NO_COMMON_BLOCKS = YES;
				GCC_OPTIMIZATION_LEVEL = 0;
				GCC_PREPROCESSOR_DEFINITIONS = (
					"DEBUG=1",
					"$(inherited)",
				);
				GCC_WARN_64_TO_32_BIT_CONVERSION = YES;
				GCC_WARN_ABOUT_RETURN_TYPE = YES_ERROR;
				GCC_WARN_UNDECLARED_SELECTOR = YES;
				GCC_WARN_UNINITIALIZED_AUTOS = YES_AGGRESSIVE;
				GCC_WARN_UNUSED_FUNCTION = YES;
				GCC_WARN_UNUSED_VARIABLE = YES;
				IPHONEOS_DEPLOYMENT_TARGET = 13.0;
				MTL_ENABLE_DEBUG_INFO = INCLUDE_SOURCE;
				MTL_FAST_MATH = YES;
				ONLY_ACTIVE_ARCH = YES;
				SDKROOT = iphoneos;
				SWIFT_ACTIVE_COMPILATION_CONDITIONS = DEBUG;
				SWIFT_OPTIMIZATION_LEVEL = "-Onone";
			};
			name = Debug;
		};
		49201ECB22A8DBCB00103A99 /* Release */ = {
			isa = XCBuildConfiguration;
			buildSettings = {
				ALWAYS_SEARCH_USER_PATHS = NO;
				CLANG_ANALYZER_NONNULL = YES;
				CLANG_ANALYZER_NUMBER_OBJECT_CONVERSION = YES_AGGRESSIVE;
				CLANG_CXX_LANGUAGE_STANDARD = "gnu++14";
				CLANG_CXX_LIBRARY = "libc++";
				CLANG_ENABLE_MODULES = YES;
				CLANG_ENABLE_OBJC_ARC = YES;
				CLANG_ENABLE_OBJC_WEAK = YES;
				CLANG_WARN_BLOCK_CAPTURE_AUTORELEASING = YES;
				CLANG_WARN_BOOL_CONVERSION = YES;
				CLANG_WARN_COMMA = YES;
				CLANG_WARN_CONSTANT_CONVERSION = YES;
				CLANG_WARN_DEPRECATED_OBJC_IMPLEMENTATIONS = YES;
				CLANG_WARN_DIRECT_OBJC_ISA_USAGE = YES_ERROR;
				CLANG_WARN_DOCUMENTATION_COMMENTS = YES;
				CLANG_WARN_EMPTY_BODY = YES;
				CLANG_WARN_ENUM_CONVERSION = YES;
				CLANG_WARN_INFINITE_RECURSION = YES;
				CLANG_WARN_INT_CONVERSION = YES;
				CLANG_WARN_NON_LITERAL_NULL_CONVERSION = YES;
				CLANG_WARN_OBJC_IMPLICIT_RETAIN_SELF = YES;
				CLANG_WARN_OBJC_LITERAL_CONVERSION = YES;
				CLANG_WARN_OBJC_ROOT_CLASS = YES_ERROR;
				CLANG_WARN_RANGE_LOOP_ANALYSIS = YES;
				CLANG_WARN_STRICT_PROTOTYPES = YES;
				CLANG_WARN_SUSPICIOUS_MOVE = YES;
				CLANG_WARN_UNGUARDED_AVAILABILITY = YES_AGGRESSIVE;
				CLANG_WARN_UNREACHABLE_CODE = YES;
				CLANG_WARN__DUPLICATE_METHOD_MATCH = YES;
				COPY_PHASE_STRIP = NO;
				DEBUG_INFORMATION_FORMAT = "dwarf-with-dsym";
				ENABLE_NS_ASSERTIONS = NO;
				ENABLE_STRICT_OBJC_MSGSEND = YES;
				GCC_C_LANGUAGE_STANDARD = gnu11;
				GCC_NO_COMMON_BLOCKS = YES;
				GCC_WARN_64_TO_32_BIT_CONVERSION = YES;
				GCC_WARN_ABOUT_RETURN_TYPE = YES_ERROR;
				GCC_WARN_UNDECLARED_SELECTOR = YES;
				GCC_WARN_UNINITIALIZED_AUTOS = YES_AGGRESSIVE;
				GCC_WARN_UNUSED_FUNCTION = YES;
				GCC_WARN_UNUSED_VARIABLE = YES;
				IPHONEOS_DEPLOYMENT_TARGET = 13.0;
				MTL_ENABLE_DEBUG_INFO = NO;
				MTL_FAST_MATH = YES;
				SDKROOT = iphoneos;
				SWIFT_COMPILATION_MODE = wholemodule;
				SWIFT_OPTIMIZATION_LEVEL = "-O";
				VALIDATE_PRODUCT = YES;
			};
			name = Release;
		};
		49201ECD22A8DBCB00103A99 /* Debug */ = {
			isa = XCBuildConfiguration;
			buildSettings = {
				ASSETCATALOG_COMPILER_APPICON_NAME = AppIcon;
				CODE_SIGN_STYLE = Automatic;
				DEVELOPMENT_ASSET_PATHS = "SmartTimer/Preview\\ Content";
				DEVELOPMENT_TEAM = 3MGKD9YP98;
				ENABLE_PREVIEWS = YES;
				INFOPLIST_FILE = SmartTimer/Info.plist;
				LD_RUNPATH_SEARCH_PATHS = (
					"$(inherited)",
					"@executable_path/Frameworks",
				);
				PRODUCT_BUNDLE_IDENTIFIER = Lisogor.inc.SmartTimer;
				PRODUCT_NAME = "$(TARGET_NAME)";
				SWIFT_VERSION = 5.0;
				TARGETED_DEVICE_FAMILY = "1,2";
			};
			name = Debug;
		};
		49201ECE22A8DBCB00103A99 /* Release */ = {
			isa = XCBuildConfiguration;
			buildSettings = {
				ASSETCATALOG_COMPILER_APPICON_NAME = AppIcon;
				CODE_SIGN_STYLE = Automatic;
				DEVELOPMENT_ASSET_PATHS = "SmartTimer/Preview\\ Content";
				DEVELOPMENT_TEAM = 3MGKD9YP98;
				ENABLE_PREVIEWS = YES;
				INFOPLIST_FILE = SmartTimer/Info.plist;
				LD_RUNPATH_SEARCH_PATHS = (
					"$(inherited)",
					"@executable_path/Frameworks",
				);
				PRODUCT_BUNDLE_IDENTIFIER = Lisogor.inc.SmartTimer;
				PRODUCT_NAME = "$(TARGET_NAME)";
				SWIFT_VERSION = 5.0;
				TARGETED_DEVICE_FAMILY = "1,2";
			};
			name = Release;
		};
/* End XCBuildConfiguration section */

/* Begin XCConfigurationList section */
		49201EB022A8DBC600103A99 /* Build configuration list for PBXProject "SmartTimer" */ = {
			isa = XCConfigurationList;
			buildConfigurations = (
				49201ECA22A8DBCB00103A99 /* Debug */,
				49201ECB22A8DBCB00103A99 /* Release */,
			);
			defaultConfigurationIsVisible = 0;
			defaultConfigurationName = Release;
		};
		49201ECC22A8DBCB00103A99 /* Build configuration list for PBXNativeTarget "SmartTimer" */ = {
			isa = XCConfigurationList;
			buildConfigurations = (
				49201ECD22A8DBCB00103A99 /* Debug */,
				49201ECE22A8DBCB00103A99 /* Release */,
			);
			defaultConfigurationIsVisible = 0;
			defaultConfigurationName = Release;
		};
/* End XCConfigurationList section */

/* Begin XCVersionGroup section */
		49201EBC22A8DBC600103A99 /* SmartTimer.xcdatamodeld */ = {
			isa = XCVersionGroup;
			children = (
				49201EBD22A8DBC600103A99 /* SmartTimer.xcdatamodel */,
			);
			currentVersion = 49201EBD22A8DBC600103A99 /* SmartTimer.xcdatamodel */;
			path = SmartTimer.xcdatamodeld;
			sourceTree = "<group>";
			versionGroupType = wrapper.xcdatamodel;
		};
/* End XCVersionGroup section */
	};
	rootObject = 49201EAD22A8DBC600103A99 /* Project object */;
}
